
Microsoft Visual Studio Solution File, Format Version 12.00
# Visual Studio Version 16
VisualStudioVersion = 16.0.30907.101
MinimumVisualStudioVersion = 10.0.40219.1
Project("{8BC9CEB8-8B4A-11D0-8D11-00A0C91BC942}") = "SortingAlgorithms", "SortingAlgorithms\SortingAlgorithms.vcxproj", "{B076E545-B12D-4135-B5FF-BC314AEA94E5}"
EndProject
Global
	GlobalSection(SolutionConfigurationPlatforms) = preSolution
		Debug|x64 = Debug|x64
		Debug|x86 = Debug|x86
		Release|x64 = Release|x64
		Release|x86 = Release|x86
	EndGlobalSection
	GlobalSection(ProjectConfigurationPlatforms) = postSolution
		{B076E545-B12D-4135-B5FF-BC314AEA94E5}.Debug|x64.ActiveCfg = Debug|x64
		{B076E545-B12D-4135-B5FF-BC314AEA94E5}.Debug|x64.Build.0 = Debug|x64
		{B076E545-B12D-4135-B5FF-BC314AEA94E5}.Debug|x86.ActiveCfg = Debug|Win32
		{B076E545-B12D-4135-B5FF-BC314AEA94E5}.Debug|x86.Build.0 = Debug|Win32
		{B076E545-B12D-4135-B5FF-BC314AEA94E5}.Release|x64.ActiveCfg = Release|x64
		{B076E545-B12D-4135-B5FF-BC314AEA94E5}.Release|x64.Build.0 = Release|x64
		{B076E545-B12D-4135-B5FF-BC314AEA94E5}.Release|x86.ActiveCfg = Release|Win32
		{B076E545-B12D-4135-B5FF-BC314AEA94E5}.Release|x86.Build.0 = Release|Win32
	EndGlobalSection
	GlobalSection(SolutionProperties) = preSolution
		HideSolutionNode = FALSE
	EndGlobalSection
	GlobalSection(ExtensibilityGlobals) = postSolution
		SolutionGuid = {BBFA72BA-5A3A-4D3C-BD48-98F2F413D4FE}
	EndGlobalSection
EndGlobal
